
Microsoft Visual Studio Solution File, Format Version 12.00
# Visual Studio 15
VisualStudioVersion = 15.0.27703.2042
MinimumVisualStudioVersion = 10.0.40219.1
Project("{FAE04EC0-301F-11D3-BF4B-00C04F79EFBC}") = "FuckNatService", "FuckNatService\FuckNatService.csproj", "{B6820986-EDFB-404A-AD7A-0A6ADCAC248E}"
EndProject
Global
	GlobalSection(SolutionConfigurationPlatforms) = preSolution
		Debug|Any CPU = Debug|Any CPU
		Release|Any CPU = Release|Any CPU
	EndGlobalSection
	GlobalSection(ProjectConfigurationPlatforms) = postSolution
		{B6820986-EDFB-404A-AD7A-0A6ADCAC248E}.Debug|Any CPU.ActiveCfg = Debug|Any CPU
		{B6820986-EDFB-404A-AD7A-0A6ADCAC248E}.Debug|Any CPU.Build.0 = Debug|Any CPU
		{B6820986-EDFB-404A-AD7A-0A6ADCAC248E}.Release|Any CPU.ActiveCfg = Release|Any CPU
		{B6820986-EDFB-404A-AD7A-0A6ADCAC248E}.Release|Any CPU.Build.0 = Release|Any CPU
	EndGlobalSection
	GlobalSection(SolutionProperties) = preSolution
		HideSolutionNode = FALSE
	EndGlobalSection
	GlobalSection(ExtensibilityGlobals) = postSolution
		SolutionGuid = {8190D899-B249-49CF-899D-4A467D1BD30D}
	EndGlobalSection
EndGlobal
